// !$*UTF8*$!
{
	archiveVersion = 1;
	classes = {
	};
	objectVersion = 50;
	objects = {

/* Begin PBXBuildFile section */
		6375F8F633D910E47B8895E5 /* Pods_RxSwiftCollection.framework in Frameworks */ = {isa = PBXBuildFile; fileRef = DE5F9E0A771C5E69FF0BAB12 /* Pods_RxSwiftCollection.framework */; };
		B4677ADD231E2BA300CC324A /* AppDelegate.swift in Sources */ = {isa = PBXBuildFile; fileRef = B4677ADC231E2BA300CC324A /* AppDelegate.swift */; };
		B4677ADF231E2BA300CC324A /* ViewController.swift in Sources */ = {isa = PBXBuildFile; fileRef = B4677ADE231E2BA300CC324A /* ViewController.swift */; };
		B4677AE2231E2BA300CC324A /* Main.storyboard in Resources */ = {isa = PBXBuildFile; fileRef = B4677AE0231E2BA300CC324A /* Main.storyboard */; };
		B4677AE4231E2BA400CC324A /* Assets.xcassets in Resources */ = {isa = PBXBuildFile; fileRef = B4677AE3231E2BA400CC324A /* Assets.xcassets */; };
		B4677AE7231E2BA400CC324A /* LaunchScreen.storyboard in Resources */ = {isa = PBXBuildFile; fileRef = B4677AE5231E2BA400CC324A /* LaunchScreen.storyboard */; };
		B4677AEF231E2DD300CC324A /* RxCollectionView.swift in Sources */ = {isa = PBXBuildFile; fileRef = B4677AEE231E2DD300CC324A /* RxCollectionView.swift */; };
		B4677AF1231E2ECD00CC324A /* RxModel.swift in Sources */ = {isa = PBXBuildFile; fileRef = B4677AF0231E2ECD00CC324A /* RxModel.swift */; };
		B4677AF3231E2F4B00CC324A /* RxCollectionViewModel.swift in Sources */ = {isa = PBXBuildFile; fileRef = B4677AF2231E2F4B00CC324A /* RxCollectionViewModel.swift */; };
		B4677AF5231E38B300CC324A /* RxCollectionViewCell.swift in Sources */ = {isa = PBXBuildFile; fileRef = B4677AF4231E38B300CC324A /* RxCollectionViewCell.swift */; };
		B4677AF7231E3BBF00CC324A /* RxCollectionSectionViewModel.swift in Sources */ = {isa = PBXBuildFile; fileRef = B4677AF6231E3BBF00CC324A /* RxCollectionSectionViewModel.swift */; };
		B4677AF9231E3BDD00CC324A /* RxBaseViewModel.swift in Sources */ = {isa = PBXBuildFile; fileRef = B4677AF8231E3BDD00CC324A /* RxBaseViewModel.swift */; };
		B4677AFB231E3C9800CC324A /* RxCollectionReusableView.swift in Sources */ = {isa = PBXBuildFile; fileRef = B4677AFA231E3C9800CC324A /* RxCollectionReusableView.swift */; };
		B4677AFF231E476F00CC324A /* RxCollectionItemViewModel.swift in Sources */ = {isa = PBXBuildFile; fileRef = B4677AFE231E476F00CC324A /* RxCollectionItemViewModel.swift */; };
		B4677B04231E4D0600CC324A /* UIColor+Random.swift in Sources */ = {isa = PBXBuildFile; fileRef = B4677B03231E4D0600CC324A /* UIColor+Random.swift */; };
		B4677B06231E4D5200CC324A /* RxCollectionViewCell+Rx.swift in Sources */ = {isa = PBXBuildFile; fileRef = B4677B05231E4D5200CC324A /* RxCollectionViewCell+Rx.swift */; };
/* End PBXBuildFile section */

/* Begin PBXFileReference section */
		7D19DFA0989348BE9196CC27 /* Pods-RxSwiftCollection.debug.xcconfig */ = {isa = PBXFileReference; includeInIndex = 1; lastKnownFileType = text.xcconfig; name = "Pods-RxSwiftCollection.debug.xcconfig"; path = "Target Support Files/Pods-RxSwiftCollection/Pods-RxSwiftCollection.debug.xcconfig"; sourceTree = "<group>"; };
		A0EA9BF150474A9AA1918A69 /* Pods-RxSwiftCollection.release.xcconfig */ = {isa = PBXFileReference; includeInIndex = 1; lastKnownFileType = text.xcconfig; name = "Pods-RxSwiftCollection.release.xcconfig"; path = "Target Support Files/Pods-RxSwiftCollection/Pods-RxSwiftCollection.release.xcconfig"; sourceTree = "<group>"; };
		B4677AD9231E2BA300CC324A /* RxSwiftCollection.app */ = {isa = PBXFileReference; explicitFileType = wrapper.application; includeInIndex = 0; path = RxSwiftCollection.app; sourceTree = BUILT_PRODUCTS_DIR; };
		B4677ADC231E2BA300CC324A /* AppDelegate.swift */ = {isa = PBXFileReference; lastKnownFileType = sourcecode.swift; path = AppDelegate.swift; sourceTree = "<group>"; };
		B4677ADE231E2BA300CC324A /* ViewController.swift */ = {isa = PBXFileReference; lastKnownFileType = sourcecode.swift; path = ViewController.swift; sourceTree = "<group>"; };
		B4677AE1231E2BA300CC324A /* Base */ = {isa = PBXFileReference; lastKnownFileType = file.storyboard; name = Base; path = Base.lproj/Main.storyboard; sourceTree = "<group>"; };
		B4677AE3231E2BA400CC324A /* Assets.xcassets */ = {isa = PBXFileReference; lastKnownFileType = folder.assetcatalog; path = Assets.xcassets; sourceTree = "<group>"; };
		B4677AE6231E2BA400CC324A /* Base */ = {isa = PBXFileReference; lastKnownFileType = file.storyboard; name = Base; path = Base.lproj/LaunchScreen.storyboard; sourceTree = "<group>"; };
		B4677AE8231E2BA400CC324A /* Info.plist */ = {isa = PBXFileReference; lastKnownFileType = text.plist.xml; path = Info.plist; sourceTree = "<group>"; };
		B4677AEE231E2DD300CC324A /* RxCollectionView.swift */ = {isa = PBXFileReference; lastKnownFileType = sourcecode.swift; path = RxCollectionView.swift; sourceTree = "<group>"; };
		B4677AF0231E2ECD00CC324A /* RxModel.swift */ = {isa = PBXFileReference; lastKnownFileType = sourcecode.swift; path = RxModel.swift; sourceTree = "<group>"; };
		B4677AF2231E2F4B00CC324A /* RxCollectionViewModel.swift */ = {isa = PBXFileReference; lastKnownFileType = sourcecode.swift; path = RxCollectionViewModel.swift; sourceTree = "<group>"; };
		B4677AF4231E38B300CC324A /* RxCollectionViewCell.swift */ = {isa = PBXFileReference; lastKnownFileType = sourcecode.swift; path = RxCollectionViewCell.swift; sourceTree = "<group>"; };
		B4677AF6231E3BBF00CC324A /* RxCollectionSectionViewModel.swift */ = {isa = PBXFileReference; lastKnownFileType = sourcecode.swift; path = RxCollectionSectionViewModel.swift; sourceTree = "<group>"; };
		B4677AF8231E3BDD00CC324A /* RxBaseViewModel.swift */ = {isa = PBXFileReference; lastKnownFileType = sourcecode.swift; path = RxBaseViewModel.swift; sourceTree = "<group>"; };
		B4677AFA231E3C9800CC324A /* RxCollectionReusableView.swift */ = {isa = PBXFileReference; lastKnownFileType = sourcecode.swift; path = RxCollectionReusableView.swift; sourceTree = "<group>"; };
		B4677AFE231E476F00CC324A /* RxCollectionItemViewModel.swift */ = {isa = PBXFileReference; lastKnownFileType = sourcecode.swift; path = RxCollectionItemViewModel.swift; sourceTree = "<group>"; };
		B4677B03231E4D0600CC324A /* UIColor+Random.swift */ = {isa = PBXFileReference; lastKnownFileType = sourcecode.swift; path = "UIColor+Random.swift"; sourceTree = "<group>"; };
		B4677B05231E4D5200CC324A /* RxCollectionViewCell+Rx.swift */ = {isa = PBXFileReference; lastKnownFileType = sourcecode.swift; path = "RxCollectionViewCell+Rx.swift"; sourceTree = "<group>"; };
		DE5F9E0A771C5E69FF0BAB12 /* Pods_RxSwiftCollection.framework */ = {isa = PBXFileReference; explicitFileType = wrapper.framework; includeInIndex = 0; path = Pods_RxSwiftCollection.framework; sourceTree = BUILT_PRODUCTS_DIR; };
/* End PBXFileReference section */

/* Begin PBXFrameworksBuildPhase section */
		B4677AD6231E2BA300CC324A /* Frameworks */ = {
			isa = PBXFrameworksBuildPhase;
			buildActionMask = 2147483647;
			files = (
				6375F8F633D910E47B8895E5 /* Pods_RxSwiftCollection.framework in Frameworks */,
			);
			runOnlyForDeploymentPostprocessing = 0;
		};
/* End PBXFrameworksBuildPhase section */

/* Begin PBXGroup section */
		482EAB50AED71BCCA70791EB /* Frameworks */ = {
			isa = PBXGroup;
			children = (
				DE5F9E0A771C5E69FF0BAB12 /* Pods_RxSwiftCollection.framework */,
			);
			name = Frameworks;
			sourceTree = "<group>";
		};
		7F32AC0B5BFD3F518688038B /* Pods */ = {
			isa = PBXGroup;
			children = (
				7D19DFA0989348BE9196CC27 /* Pods-RxSwiftCollection.debug.xcconfig */,
				A0EA9BF150474A9AA1918A69 /* Pods-RxSwiftCollection.release.xcconfig */,
			);
			path = Pods;
			sourceTree = "<group>";
		};
		B4677AD0231E2BA300CC324A = {
			isa = PBXGroup;
			children = (
				B4677ADB231E2BA300CC324A /* RxSwiftCollection */,
				B4677ADA231E2BA300CC324A /* Products */,
				7F32AC0B5BFD3F518688038B /* Pods */,
				482EAB50AED71BCCA70791EB /* Frameworks */,
			);
			sourceTree = "<group>";
		};
		B4677ADA231E2BA300CC324A /* Products */ = {
			isa = PBXGroup;
			children = (
				B4677AD9231E2BA300CC324A /* RxSwiftCollection.app */,
			);
			name = Products;
			sourceTree = "<group>";
		};
		B4677ADB231E2BA300CC324A /* RxSwiftCollection */ = {
			isa = PBXGroup;
			children = (
				B4677ADC231E2BA300CC324A /* AppDelegate.swift */,
				B4677ADE231E2BA300CC324A /* ViewController.swift */,
				B4677B03231E4D0600CC324A /* UIColor+Random.swift */,
				B4677B07231E4E2200CC324A /* Rx */,
				B4677B02231E4CE600CC324A /* Model */,
				B4677B01231E4CD700CC324A /* ViewModel */,
				B4677B00231E4CCB00CC324A /* View */,
				B4677AE0231E2BA300CC324A /* Main.storyboard */,
				B4677AE3231E2BA400CC324A /* Assets.xcassets */,
				B4677AE5231E2BA400CC324A /* LaunchScreen.storyboard */,
				B4677AE8231E2BA400CC324A /* Info.plist */,
			);
			path = RxSwiftCollection;
			sourceTree = "<group>";
		};
		B4677B00231E4CCB00CC324A /* View */ = {
			isa = PBXGroup;
			children = (
				B4677AEE231E2DD300CC324A /* RxCollectionView.swift */,
				B4677AFA231E3C9800CC324A /* RxCollectionReusableView.swift */,
				B4677AF4231E38B300CC324A /* RxCollectionViewCell.swift */,
			);
			path = View;
			sourceTree = "<group>";
		};
		B4677B01231E4CD700CC324A /* ViewModel */ = {
			isa = PBXGroup;
			children = (
				B4677AF2231E2F4B00CC324A /* RxCollectionViewModel.swift */,
				B4677AF6231E3BBF00CC324A /* RxCollectionSectionViewModel.swift */,
				B4677AFE231E476F00CC324A /* RxCollectionItemViewModel.swift */,
				B4677AF8231E3BDD00CC324A /* RxBaseViewModel.swift */,
			);
			path = ViewModel;
			sourceTree = "<group>";
		};
		B4677B02231E4CE600CC324A /* Model */ = {
			isa = PBXGroup;
			children = (
				B4677AF0231E2ECD00CC324A /* RxModel.swift */,
			);
			path = Model;
			sourceTree = "<group>";
		};
		B4677B07231E4E2200CC324A /* Rx */ = {
			isa = PBXGroup;
			children = (
				B4677B05231E4D5200CC324A /* RxCollectionViewCell+Rx.swift */,
			);
			path = Rx;
			sourceTree = "<group>";
		};
/* End PBXGroup section */

/* Begin PBXNativeTarget section */
		B4677AD8231E2BA300CC324A /* RxSwiftCollection */ = {
			isa = PBXNativeTarget;
			buildConfigurationList = B4677AEB231E2BA400CC324A /* Build configuration list for PBXNativeTarget "RxSwiftCollection" */;
			buildPhases = (
				C81CB5171A2F7B430C8FBCCA /* [CP] Check Pods Manifest.lock */,
				B4677AD5231E2BA300CC324A /* Sources */,
				B4677AD6231E2BA300CC324A /* Frameworks */,
				B4677AD7231E2BA300CC324A /* Resources */,
				FFE10048805301138BB04279 /* [CP] Embed Pods Frameworks */,
			);
			buildRules = (
			);
			dependencies = (
			);
			name = RxSwiftCollection;
			productName = RxSwiftCollection;
			productReference = B4677AD9231E2BA300CC324A /* RxSwiftCollection.app */;
			productType = "com.apple.product-type.application";
		};
/* End PBXNativeTarget section */

/* Begin PBXProject section */
		B4677AD1231E2BA300CC324A /* Project object */ = {
			isa = PBXProject;
			attributes = {
				LastSwiftUpdateCheck = 1030;
				LastUpgradeCheck = 1030;
				ORGANIZATIONNAME = TangChi;
				TargetAttributes = {
					B4677AD8231E2BA300CC324A = {
						CreatedOnToolsVersion = 10.3;
					};
				};
			};
			buildConfigurationList = B4677AD4231E2BA300CC324A /* Build configuration list for PBXProject "RxSwiftCollection" */;
			compatibilityVersion = "Xcode 9.3";
			developmentRegion = en;
			hasScannedForEncodings = 0;
			knownRegions = (
				en,
				Base,
			);
			mainGroup = B4677AD0231E2BA300CC324A;
			productRefGroup = B4677ADA231E2BA300CC324A /* Products */;
			projectDirPath = "";
			projectRoot = "";
			targets = (
				B4677AD8231E2BA300CC324A /* RxSwiftCollection */,
			);
		};
/* End PBXProject section */

/* Begin PBXResourcesBuildPhase section */
		B4677AD7231E2BA300CC324A /* Resources */ = {
			isa = PBXResourcesBuildPhase;
			buildActionMask = 2147483647;
			files = (
				B4677AE7231E2BA400CC324A /* LaunchScreen.storyboard in Resources */,
				B4677AE4231E2BA400CC324A /* Assets.xcassets in Resources */,
				B4677AE2231E2BA300CC324A /* Main.storyboard in Resources */,
			);
			runOnlyForDeploymentPostprocessing = 0;
		};
/* End PBXResourcesBuildPhase section */

/* Begin PBXShellScriptBuildPhase section */
		C81CB5171A2F7B430C8FBCCA /* [CP] Check Pods Manifest.lock */ = {
			isa = PBXShellScriptBuildPhase;
			buildActionMask = 2147483647;
			files = (
			);
			inputFileListPaths = (
			);
			inputPaths = (
				"${PODS_PODFILE_DIR_PATH}/Podfile.lock",
				"${PODS_ROOT}/Manifest.lock",
			);
			name = "[CP] Check Pods Manifest.lock";
			outputFileListPaths = (
			);
			outputPaths = (
				"$(DERIVED_FILE_DIR)/Pods-RxSwiftCollection-checkManifestLockResult.txt",
			);
			runOnlyForDeploymentPostprocessing = 0;
			shellPath = /bin/sh;
			shellScript = "diff \"${PODS_PODFILE_DIR_PATH}/Podfile.lock\" \"${PODS_ROOT}/Manifest.lock\" > /dev/null\nif [ $? != 0 ] ; then\n    # print error to STDERR\n    echo \"error: The sandbox is not in sync with the Podfile.lock. Run 'pod install' or update your CocoaPods installation.\" >&2\n    exit 1\nfi\n# This output is used by Xcode 'outputs' to avoid re-running this script phase.\necho \"SUCCESS\" > \"${SCRIPT_OUTPUT_FILE_0}\"\n";
			showEnvVarsInLog = 0;
		};
		FFE10048805301138BB04279 /* [CP] Embed Pods Frameworks */ = {
			isa = PBXShellScriptBuildPhase;
			buildActionMask = 2147483647;
			files = (
			);
			inputFileListPaths = (
			);
			inputPaths = (
				"${PODS_ROOT}/Target Support Files/Pods-RxSwiftCollection/Pods-RxSwiftCollection-frameworks.sh",
				"${BUILT_PRODUCTS_DIR}/Action/Action.framework",
				"${BUILT_PRODUCTS_DIR}/Differentiator/Differentiator.framework",
				"${BUILT_PRODUCTS_DIR}/NSObject+Rx/NSObject_Rx.framework",
				"${BUILT_PRODUCTS_DIR}/RxCocoa/RxCocoa.framework",
				"${BUILT_PRODUCTS_DIR}/RxDataSources/RxDataSources.framework",
				"${BUILT_PRODUCTS_DIR}/RxRelay/RxRelay.framework",
				"${BUILT_PRODUCTS_DIR}/RxSwift/RxSwift.framework",
				"${BUILT_PRODUCTS_DIR}/SnapKit/SnapKit.framework",
			);
			name = "[CP] Embed Pods Frameworks";
			outputFileListPaths = (
			);
			outputPaths = (
				"${TARGET_BUILD_DIR}/${FRAMEWORKS_FOLDER_PATH}/Action.framework",
				"${TARGET_BUILD_DIR}/${FRAMEWORKS_FOLDER_PATH}/Differentiator.framework",
				"${TARGET_BUILD_DIR}/${FRAMEWORKS_FOLDER_PATH}/NSObject_Rx.framework",
				"${TARGET_BUILD_DIR}/${FRAMEWORKS_FOLDER_PATH}/RxCocoa.framework",
				"${TARGET_BUILD_DIR}/${FRAMEWORKS_FOLDER_PATH}/RxDataSources.framework",
				"${TARGET_BUILD_DIR}/${FRAMEWORKS_FOLDER_PATH}/RxRelay.framework",
				"${TARGET_BUILD_DIR}/${FRAMEWORKS_FOLDER_PATH}/RxSwift.framework",
				"${TARGET_BUILD_DIR}/${FRAMEWORKS_FOLDER_PATH}/SnapKit.framework",
			);
			runOnlyForDeploymentPostprocessing = 0;
			shellPath = /bin/sh;
			shellScript = "\"${PODS_ROOT}/Target Support Files/Pods-RxSwiftCollection/Pods-RxSwiftCollection-frameworks.sh\"\n";
			showEnvVarsInLog = 0;
		};
/* End PBXShellScriptBuildPhase section */

/* Begin PBXSourcesBuildPhase section */
		B4677AD5231E2BA300CC324A /* Sources */ = {
			isa = PBXSourcesBuildPhase;
			buildActionMask = 2147483647;
			files = (
				B4677AF5231E38B300CC324A /* RxCollectionViewCell.swift in Sources */,
				B4677AFF231E476F00CC324A /* RxCollectionItemViewModel.swift in Sources */,
				B4677AFB231E3C9800CC324A /* RxCollectionReusableView.swift in Sources */,
				B4677AF9231E3BDD00CC324A /* RxBaseViewModel.swift in Sources */,
				B4677ADF231E2BA300CC324A /* ViewController.swift in Sources */,
				B4677AEF231E2DD300CC324A /* RxCollectionView.swift in Sources */,
				B4677AF3231E2F4B00CC324A /* RxCollectionViewModel.swift in Sources */,
				B4677B06231E4D5200CC324A /* RxCollectionViewCell+Rx.swift in Sources */,
				B4677AF7231E3BBF00CC324A /* RxCollectionSectionViewModel.swift in Sources */,
				B4677B04231E4D0600CC324A /* UIColor+Random.swift in Sources */,
				B4677ADD231E2BA300CC324A /* AppDelegate.swift in Sources */,
				B4677AF1231E2ECD00CC324A /* RxModel.swift in Sources */,
			);
			runOnlyForDeploymentPostprocessing = 0;
		};
/* End PBXSourcesBuildPhase section */

/* Begin PBXVariantGroup section */
		B4677AE0231E2BA300CC324A /* Main.storyboard */ = {
			isa = PBXVariantGroup;
			children = (
				B4677AE1231E2BA300CC324A /* Base */,
			);
			name = Main.storyboard;
			sourceTree = "<group>";
		};
		B4677AE5231E2BA400CC324A /* LaunchScreen.storyboard */ = {
			isa = PBXVariantGroup;
			children = (
				B4677AE6231E2BA400CC324A /* Base */,
			);
			name = LaunchScreen.storyboard;
			sourceTree = "<group>";
		};
/* End PBXVariantGroup section */

/* Begin XCBuildConfiguration section */
		B4677AE9231E2BA400CC324A /* Debug */ = {
			isa = XCBuildConfiguration;
			buildSettings = {
				ALWAYS_SEARCH_USER_PATHS = NO;
				CLANG_ANALYZER_NONNULL = YES;
				CLANG_ANALYZER_NUMBER_OBJECT_CONVERSION = YES_AGGRESSIVE;
				CLANG_CXX_LANGUAGE_STANDARD = "gnu++14";
				CLANG_CXX_LIBRARY = "libc++";
				CLANG_ENABLE_MODULES = YES;
				CLANG_ENABLE_OBJC_ARC = YES;
				CLANG_ENABLE_OBJC_WEAK = YES;
				CLANG_WARN_BLOCK_CAPTURE_AUTORELEASING = YES;
				CLANG_WARN_BOOL_CONVERSION = YES;
				CLANG_WARN_COMMA = YES;
				CLANG_WARN_CONSTANT_CONVERSION = YES;
				CLANG_WARN_DEPRECATED_OBJC_IMPLEMENTATIONS = YES;
				CLANG_WARN_DIRECT_OBJC_ISA_USAGE = YES_ERROR;
				CLANG_WARN_DOCUMENTATION_COMMENTS = YES;
				CLANG_WARN_EMPTY_BODY = YES;
				CLANG_WARN_ENUM_CONVERSION = YES;
				CLANG_WARN_INFINITE_RECURSION = YES;
				CLANG_WARN_INT_CONVERSION = YES;
				CLANG_WARN_NON_LITERAL_NULL_CONVERSION = YES;
				CLANG_WARN_OBJC_IMPLICIT_RETAIN_SELF = YES;
				CLANG_WARN_OBJC_LITERAL_CONVERSION = YES;
				CLANG_WARN_OBJC_ROOT_CLASS = YES_ERROR;
				CLANG_WARN_RANGE_LOOP_ANALYSIS = YES;
				CLANG_WARN_STRICT_PROTOTYPES = YES;
				CLANG_WARN_SUSPICIOUS_MOVE = YES;
				CLANG_WARN_UNGUARDED_AVAILABILITY = YES_AGGRESSIVE;
				CLANG_WARN_UNREACHABLE_CODE = YES;
				CLANG_WARN__DUPLICATE_METHOD_MATCH = YES;
				CODE_SIGN_IDENTITY = "iPhone Developer";
				COPY_PHASE_STRIP = NO;
				DEBUG_INFORMATION_FORMAT = dwarf;
				ENABLE_STRICT_OBJC_MSGSEND = YES;
				ENABLE_TESTABILITY = YES;
				GCC_C_LANGUAGE_STANDARD = gnu11;
				GCC_DYNAMIC_NO_PIC = NO;
				GCC_NO_COMMON_BLOCKS = YES;
				GCC_OPTIMIZATION_LEVEL = 0;
				GCC_PREPROCESSOR_DEFINITIONS = (
					"DEBUG=1",
					"$(inherited)",
				);
				GCC_WARN_64_TO_32_BIT_CONVERSION = YES;
				GCC_WARN_ABOUT_RETURN_TYPE = YES_ERROR;
				GCC_WARN_UNDECLARED_SELECTOR = YES;
				GCC_WARN_UNINITIALIZED_AUTOS = YES_AGGRESSIVE;
				GCC_WARN_UNUSED_FUNCTION = YES;
				GCC_WARN_UNUSED_VARIABLE = YES;
				IPHONEOS_DEPLOYMENT_TARGET = 12.4;
				MTL_ENABLE_DEBUG_INFO = INCLUDE_SOURCE;
				MTL_FAST_MATH = YES;
				ONLY_ACTIVE_ARCH = YES;
				SDKROOT = iphoneos;
				SWIFT_ACTIVE_COMPILATION_CONDITIONS = DEBUG;
				SWIFT_OPTIMIZATION_LEVEL = "-Onone";
			};
			name = Debug;
		};
		B4677AEA231E2BA400CC324A /* Release */ = {
			isa = XCBuildConfiguration;
			buildSettings = {
				ALWAYS_SEARCH_USER_PATHS = NO;
				CLANG_ANALYZER_NONNULL = YES;
				CLANG_ANALYZER_NUMBER_OBJECT_CONVERSION = YES_AGGRESSIVE;
				CLANG_CXX_LANGUAGE_STANDARD = "gnu++14";
				CLANG_CXX_LIBRARY = "libc++";
				CLANG_ENABLE_MODULES = YES;
				CLANG_ENABLE_OBJC_ARC = YES;
				CLANG_ENABLE_OBJC_WEAK = YES;
				CLANG_WARN_BLOCK_CAPTURE_AUTORELEASING = YES;
				CLANG_WARN_BOOL_CONVERSION = YES;
				CLANG_WARN_COMMA = YES;
				CLANG_WARN_CONSTANT_CONVERSION = YES;
				CLANG_WARN_DEPRECATED_OBJC_IMPLEMENTATIONS = YES;
				CLANG_WARN_DIRECT_OBJC_ISA_USAGE = YES_ERROR;
				CLANG_WARN_DOCUMENTATION_COMMENTS = YES;
				CLANG_WARN_EMPTY_BODY = YES;
				CLANG_WARN_ENUM_CONVERSION = YES;
				CLANG_WARN_INFINITE_RECURSION = YES;
				CLANG_WARN_INT_CONVERSION = YES;
				CLANG_WARN_NON_LITERAL_NULL_CONVERSION = YES;
				CLANG_WARN_OBJC_IMPLICIT_RETAIN_SELF = YES;
				CLANG_WARN_OBJC_LITERAL_CONVERSION = YES;
				CLANG_WARN_OBJC_ROOT_CLASS = YES_ERROR;
				CLANG_WARN_RANGE_LOOP_ANALYSIS = YES;
				CLANG_WARN_STRICT_PROTOTYPES = YES;
				CLANG_WARN_SUSPICIOUS_MOVE = YES;
				CLANG_WARN_UNGUARDED_AVAILABILITY = YES_AGGRESSIVE;
				CLANG_WARN_UNREACHABLE_CODE = YES;
				CLANG_WARN__DUPLICATE_METHOD_MATCH = YES;
				CODE_SIGN_IDENTITY = "iPhone Developer";
				COPY_PHASE_STRIP = NO;
				DEBUG_INFORMATION_FORMAT = "dwarf-with-dsym";
				ENABLE_NS_ASSERTIONS = NO;
				ENABLE_STRICT_OBJC_MSGSEND = YES;
				GCC_C_LANGUAGE_STANDARD = gnu11;
				GCC_NO_COMMON_BLOCKS = YES;
				GCC_WARN_64_TO_32_BIT_CONVERSION = YES;
				GCC_WARN_ABOUT_RETURN_TYPE = YES_ERROR;
				GCC_WARN_UNDECLARED_SELECTOR = YES;
				GCC_WARN_UNINITIALIZED_AUTOS = YES_AGGRESSIVE;
				GCC_WARN_UNUSED_FUNCTION = YES;
				GCC_WARN_UNUSED_VARIABLE = YES;
				IPHONEOS_DEPLOYMENT_TARGET = 12.4;
				MTL_ENABLE_DEBUG_INFO = NO;
				MTL_FAST_MATH = YES;
				SDKROOT = iphoneos;
				SWIFT_COMPILATION_MODE = wholemodule;
				SWIFT_OPTIMIZATION_LEVEL = "-O";
				VALIDATE_PRODUCT = YES;
			};
			name = Release;
		};
		B4677AEC231E2BA400CC324A /* Debug */ = {
			isa = XCBuildConfiguration;
			baseConfigurationReference = 7D19DFA0989348BE9196CC27 /* Pods-RxSwiftCollection.debug.xcconfig */;
			buildSettings = {
				ASSETCATALOG_COMPILER_APPICON_NAME = AppIcon;
				CODE_SIGN_STYLE = Automatic;
				DEVELOPMENT_TEAM = JZMTFJPQ8W;
				INFOPLIST_FILE = RxSwiftCollection/Info.plist;
				LD_RUNPATH_SEARCH_PATHS = (
					"$(inherited)",
					"@executable_path/Frameworks",
				);
				PRODUCT_BUNDLE_IDENTIFIER = com.chitang.RxSwiftCollection;
				PRODUCT_NAME = "$(TARGET_NAME)";
				SWIFT_VERSION = 5.0;
				TARGETED_DEVICE_FAMILY = "1,2";
			};
			name = Debug;
		};
		B4677AED231E2BA400CC324A /* Release */ = {
			isa = XCBuildConfiguration;
			baseConfigurationReference = A0EA9BF150474A9AA1918A69 /* Pods-RxSwiftCollection.release.xcconfig */;
			buildSettings = {
				ASSETCATALOG_COMPILER_APPICON_NAME = AppIcon;
				CODE_SIGN_STYLE = Automatic;
				DEVELOPMENT_TEAM = JZMTFJPQ8W;
				INFOPLIST_FILE = RxSwiftCollection/Info.plist;
				LD_RUNPATH_SEARCH_PATHS = (
					"$(inherited)",
					"@executable_path/Frameworks",
				);
				PRODUCT_BUNDLE_IDENTIFIER = com.chitang.RxSwiftCollection;
				PRODUCT_NAME = "$(TARGET_NAME)";
				SWIFT_VERSION = 5.0;
				TARGETED_DEVICE_FAMILY = "1,2";
			};
			name = Release;
		};
/* End XCBuildConfiguration section */

/* Begin XCConfigurationList section */
		B4677AD4231E2BA300CC324A /* Build configuration list for PBXProject "RxSwiftCollection" */ = {
			isa = XCConfigurationList;
			buildConfigurations = (
				B4677AE9231E2BA400CC324A /* Debug */,
				B4677AEA231E2BA400CC324A /* Release */,
			);
			defaultConfigurationIsVisible = 0;
			defaultConfigurationName = Release;
		};
		B4677AEB231E2BA400CC324A /* Build configuration list for PBXNativeTarget "RxSwiftCollection" */ = {
			isa = XCConfigurationList;
			buildConfigurations = (
				B4677AEC231E2BA400CC324A /* Debug */,
				B4677AED231E2BA400CC324A /* Release */,
			);
			defaultConfigurationIsVisible = 0;
			defaultConfigurationName = Release;
		};
/* End XCConfigurationList section */
	};
	rootObject = B4677AD1231E2BA300CC324A /* Project object */;
}
